
Microsoft Visual Studio Solution File, Format Version 12.00
# Visual Studio 15
VisualStudioVersion = 15.0.26430.15
MinimumVisualStudioVersion = 10.0.40219.1
Project("{FAE04EC0-301F-11D3-BF4B-00C04F79EFBC}") = "AppMVCConsumingWebApi", "AppMVCConsumingWebApi\AppMVCConsumingWebApi.csproj", "{A5BD82C8-D309-4835-AF06-754547B7D28C}"
EndProject
Global
	GlobalSection(SolutionConfigurationPlatforms) = preSolution
		Debug|Any CPU = Debug|Any CPU
		Release|Any CPU = Release|Any CPU
	EndGlobalSection
	GlobalSection(ProjectConfigurationPlatforms) = postSolution
		{A5BD82C8-D309-4835-AF06-754547B7D28C}.Debug|Any CPU.ActiveCfg = Debug|Any CPU
		{A5BD82C8-D309-4835-AF06-754547B7D28C}.Debug|Any CPU.Build.0 = Debug|Any CPU
		{A5BD82C8-D309-4835-AF06-754547B7D28C}.Release|Any CPU.ActiveCfg = Release|Any CPU
		{A5BD82C8-D309-4835-AF06-754547B7D28C}.Release|Any CPU.Build.0 = Release|Any CPU
	EndGlobalSection
	GlobalSection(SolutionProperties) = preSolution
		HideSolutionNode = FALSE
	EndGlobalSection
EndGlobal
